{
  "name": "mvp-base",
  "version": "1.0.0",
  "lockfileVersion": 3,
  "requires": true,
  "packages": {
    "": {
      "name": "mvp-base",
      "version": "1.0.0",
      "hasInstallScript": true,
      "workspaces": [
        "apps/*",
        "packages/*",
        "infra/*"
      ],
      "devDependencies": {
        "@types/caseless": "^0.12.5",
        "@types/json-schema": "^7.0.15",
        "@types/node": "^20.14.11",
        "prettier": "^3.3.3",
        "prisma": "^6.15.0",
        "turbo": "^2.0.6",
        "typescript": "^5.5.4"
      },
      "dependencies": {
        "@prisma/client": "^6.15.0",
        "firebase": "^12.2.1"
      },
      "engines": {
        "node": ">=20.0.0 <23.0.0"
      }
    }
  }
}